
Microsoft Visual Studio Solution File, Format Version 12.00
# Visual Studio 2012
Project("{FAE04EC0-301F-11D3-BF4B-00C04F79EFBC}") = "CommonWeal.NGOWeb", "CommonWeal.NGOWeb\CommonWeal.NGOWeb.csproj", "{DE1FFF27-EF28-4935-A7DE-D07A40906DA4}"
EndProject
Project("{FAE04EC0-301F-11D3-BF4B-00C04F79EFBC}") = "CommonWeal.NGOAPI", "CommonWeal.NGOAPI\CommonWeal.NGOAPI.csproj", "{6A0C0C48-240A-422C-BE47-98C34A6361B7}"
EndProject
Project("{FAE04EC0-301F-11D3-BF4B-00C04F79EFBC}") = "CommonWeal.Data", "CommonWeal.Data\CommonWeal.Data.csproj", "{C1D90102-FBF4-4F85-9F08-38A72F86D472}"
EndProject
Project("{2150E333-8FDC-42A3-9474-1A3956D46DE8}") = ".nuget", ".nuget", "{7FE049BD-26D6-4C24-9376-4BD7C55EA90C}"
	ProjectSection(SolutionItems) = preProject
		.nuget\NuGet.Config = .nuget\NuGet.Config
		.nuget\NuGet.exe = .nuget\NuGet.exe
		.nuget\NuGet.targets = .nuget\NuGet.targets
	EndProjectSection
EndProject
Global
	GlobalSection(SolutionConfigurationPlatforms) = preSolution
		Debug|Any CPU = Debug|Any CPU
		Release|Any CPU = Release|Any CPU
	EndGlobalSection
	GlobalSection(ProjectConfigurationPlatforms) = postSolution
		{DE1FFF27-EF28-4935-A7DE-D07A40906DA4}.Debug|Any CPU.ActiveCfg = Debug|Any CPU
		{DE1FFF27-EF28-4935-A7DE-D07A40906DA4}.Debug|Any CPU.Build.0 = Debug|Any CPU
		{DE1FFF27-EF28-4935-A7DE-D07A40906DA4}.Release|Any CPU.ActiveCfg = Release|Any CPU
		{DE1FFF27-EF28-4935-A7DE-D07A40906DA4}.Release|Any CPU.Build.0 = Release|Any CPU
		{6A0C0C48-240A-422C-BE47-98C34A6361B7}.Debug|Any CPU.ActiveCfg = Debug|Any CPU
		{6A0C0C48-240A-422C-BE47-98C34A6361B7}.Debug|Any CPU.Build.0 = Debug|Any CPU
		{6A0C0C48-240A-422C-BE47-98C34A6361B7}.Release|Any CPU.ActiveCfg = Release|Any CPU
		{6A0C0C48-240A-422C-BE47-98C34A6361B7}.Release|Any CPU.Build.0 = Release|Any CPU
		{C1D90102-FBF4-4F85-9F08-38A72F86D472}.Debug|Any CPU.ActiveCfg = Debug|Any CPU
		{C1D90102-FBF4-4F85-9F08-38A72F86D472}.Debug|Any CPU.Build.0 = Debug|Any CPU
		{C1D90102-FBF4-4F85-9F08-38A72F86D472}.Release|Any CPU.ActiveCfg = Release|Any CPU
		{C1D90102-FBF4-4F85-9F08-38A72F86D472}.Release|Any CPU.Build.0 = Release|Any CPU
	EndGlobalSection
	GlobalSection(SolutionProperties) = preSolution
		HideSolutionNode = FALSE
	EndGlobalSection
EndGlobal
